
Microsoft Visual Studio Solution File, Format Version 12.00
# Visual Studio Version 17
VisualStudioVersion = 17.7.34221.43
MinimumVisualStudioVersion = 10.0.40219.1
Project("{FAE04EC0-301F-11D3-BF4B-00C04F79EFBC}") = "testWorkANGSTREM", "testWorkANGSTREM\testWorkANGSTREM.csproj", "{4739EA54-D452-4014-911A-F00AE95ED27A}"
EndProject
Global
	GlobalSection(SolutionConfigurationPlatforms) = preSolution
		Debug|Any CPU = Debug|Any CPU
		Release|Any CPU = Release|Any CPU
	EndGlobalSection
	GlobalSection(ProjectConfigurationPlatforms) = postSolution
		{4739EA54-D452-4014-911A-F00AE95ED27A}.Debug|Any CPU.ActiveCfg = Debug|Any CPU
		{4739EA54-D452-4014-911A-F00AE95ED27A}.Debug|Any CPU.Build.0 = Debug|Any CPU
		{4739EA54-D452-4014-911A-F00AE95ED27A}.Release|Any CPU.ActiveCfg = Release|Any CPU
		{4739EA54-D452-4014-911A-F00AE95ED27A}.Release|Any CPU.Build.0 = Release|Any CPU
	EndGlobalSection
	GlobalSection(SolutionProperties) = preSolution
		HideSolutionNode = FALSE
	EndGlobalSection
	GlobalSection(ExtensibilityGlobals) = postSolution
		SolutionGuid = {4F812E07-C4DF-45E2-B140-ACD038484D63}
	EndGlobalSection
EndGlobal
